
Microsoft Visual Studio Solution File, Format Version 12.00
# Visual Studio Version 17
VisualStudioVersion = 17.14.36127.28 d17.14
MinimumVisualStudioVersion = 10.0.40219.1
Project("{FAE04EC0-301F-11D3-BF4B-00C04F79EFBC}") = "GerenciamentoContatos.API", "GerenciamentoContatos.API\GerenciamentoContatos.API.csproj", "{24E30EF0-2BA1-4417-9D5D-377EA682727A}"
EndProject
Global
	GlobalSection(SolutionConfigurationPlatforms) = preSolution
		Debug|Any CPU = Debug|Any CPU
		Release|Any CPU = Release|Any CPU
	EndGlobalSection
	GlobalSection(ProjectConfigurationPlatforms) = postSolution
		{24E30EF0-2BA1-4417-9D5D-377EA682727A}.Debug|Any CPU.ActiveCfg = Debug|Any CPU
		{24E30EF0-2BA1-4417-9D5D-377EA682727A}.Debug|Any CPU.Build.0 = Debug|Any CPU
		{24E30EF0-2BA1-4417-9D5D-377EA682727A}.Release|Any CPU.ActiveCfg = Release|Any CPU
		{24E30EF0-2BA1-4417-9D5D-377EA682727A}.Release|Any CPU.Build.0 = Release|Any CPU
	EndGlobalSection
	GlobalSection(SolutionProperties) = preSolution
		HideSolutionNode = FALSE
	EndGlobalSection
	GlobalSection(ExtensibilityGlobals) = postSolution
		SolutionGuid = {110FB3B4-8A6C-4B06-B41A-D56A0A3AFC37}
	EndGlobalSection
EndGlobal
